
Microsoft Visual Studio Solution File, Format Version 12.00
# Visual Studio Version 17
VisualStudioVersion = 17.13.35818.85 d17.13
MinimumVisualStudioVersion = 10.0.40219.1
Project("{FAE04EC0-301F-11D3-BF4B-00C04F79EFBC}") = "SeverstalTestTask", "SeverstalTestTask\SeverstalTestTask.csproj", "{08334231-B9C9-4AD2-9981-E8CB9EC0E414}"
EndProject
Global
	GlobalSection(SolutionConfigurationPlatforms) = preSolution
		Debug|Any CPU = Debug|Any CPU
		Release|Any CPU = Release|Any CPU
	EndGlobalSection
	GlobalSection(ProjectConfigurationPlatforms) = postSolution
		{08334231-B9C9-4AD2-9981-E8CB9EC0E414}.Debug|Any CPU.ActiveCfg = Debug|Any CPU
		{08334231-B9C9-4AD2-9981-E8CB9EC0E414}.Debug|Any CPU.Build.0 = Debug|Any CPU
		{08334231-B9C9-4AD2-9981-E8CB9EC0E414}.Release|Any CPU.ActiveCfg = Release|Any CPU
		{08334231-B9C9-4AD2-9981-E8CB9EC0E414}.Release|Any CPU.Build.0 = Release|Any CPU
	EndGlobalSection
	GlobalSection(SolutionProperties) = preSolution
		HideSolutionNode = FALSE
	EndGlobalSection
	GlobalSection(ExtensibilityGlobals) = postSolution
		SolutionGuid = {D97BE8C6-F4B4-42FC-95FC-70528E32B3F1}
	EndGlobalSection
EndGlobal
